
Microsoft Visual Studio Solution File, Format Version 12.00
# Visual Studio Version 16
VisualStudioVersion = 16.0.32901.82
MinimumVisualStudioVersion = 10.0.40219.1
Project("{FAE04EC0-301F-11D3-BF4B-00C04F79EFBC}") = "AsyncExampleWPF", "AsyncExampleWPF.csproj", "{230C19AF-B1FC-467A-973B-DE1AE69ACABB}"
EndProject
Global
	GlobalSection(SolutionConfigurationPlatforms) = preSolution
		Debug|Any CPU = Debug|Any CPU
		Release|Any CPU = Release|Any CPU
	EndGlobalSection
	GlobalSection(ProjectConfigurationPlatforms) = postSolution
		{230C19AF-B1FC-467A-973B-DE1AE69ACABB}.Debug|Any CPU.ActiveCfg = Debug|Any CPU
		{230C19AF-B1FC-467A-973B-DE1AE69ACABB}.Debug|Any CPU.Build.0 = Debug|Any CPU
		{230C19AF-B1FC-467A-973B-DE1AE69ACABB}.Release|Any CPU.ActiveCfg = Release|Any CPU
		{230C19AF-B1FC-467A-973B-DE1AE69ACABB}.Release|Any CPU.Build.0 = Release|Any CPU
	EndGlobalSection
	GlobalSection(SolutionProperties) = preSolution
		HideSolutionNode = FALSE
	EndGlobalSection
	GlobalSection(ExtensibilityGlobals) = postSolution
		SolutionGuid = {2E6A927D-B34E-4C22-A551-54F959FBF3D3}
	EndGlobalSection
EndGlobal
